
Microsoft Visual Studio Solution File, Format Version 12.00
# Visual Studio 15
VisualStudioVersion = 15.0.26124.0
MinimumVisualStudioVersion = 15.0.26124.0
Project("{2150E333-8FDC-42A3-9474-1A3956D46DE8}") = "06_linq", "06_linq", "{C6A5FBBA-3140-4A1B-91C5-DCF84FF47300}"
EndProject
Project("{2150E333-8FDC-42A3-9474-1A3956D46DE8}") = "02_exercise", "02_exercise", "{E78F1699-EB98-4FD6-A8D3-E79902F0D863}"
EndProject
Project("{2150E333-8FDC-42A3-9474-1A3956D46DE8}") = "project", "project", "{3B5123C7-C737-496D-9925-0C40FC2CCA6F}"
EndProject
Project("{FAE04EC0-301F-11D3-BF4B-00C04F79EFBC}") = "Utils", "06_linq\02_exercise\project\Utils\Utils.csproj", "{0964B238-B6F2-4A9F-BB50-3A6FDD56F0C0}"
EndProject
Project("{FAE04EC0-301F-11D3-BF4B-00C04F79EFBC}") = "Test", "06_linq\02_exercise\project\Test\Test.csproj", "{6FD487C6-0178-42A4-8F85-2F87DD228EC7}"
EndProject
Project("{FAE04EC0-301F-11D3-BF4B-00C04F79EFBC}") = "App", "06_linq\02_exercise\project\App\App.csproj", "{07E152B6-47B8-4B26-8EFF-F3C050EAF270}"
EndProject
Global
	GlobalSection(SolutionConfigurationPlatforms) = preSolution
		Debug|Any CPU = Debug|Any CPU
		Debug|x64 = Debug|x64
		Debug|x86 = Debug|x86
		Release|Any CPU = Release|Any CPU
		Release|x64 = Release|x64
		Release|x86 = Release|x86
	EndGlobalSection
	GlobalSection(SolutionProperties) = preSolution
		HideSolutionNode = FALSE
	EndGlobalSection
	GlobalSection(ProjectConfigurationPlatforms) = postSolution
		{0964B238-B6F2-4A9F-BB50-3A6FDD56F0C0}.Debug|Any CPU.ActiveCfg = Debug|Any CPU
		{0964B238-B6F2-4A9F-BB50-3A6FDD56F0C0}.Debug|Any CPU.Build.0 = Debug|Any CPU
		{0964B238-B6F2-4A9F-BB50-3A6FDD56F0C0}.Debug|x64.ActiveCfg = Debug|Any CPU
		{0964B238-B6F2-4A9F-BB50-3A6FDD56F0C0}.Debug|x64.Build.0 = Debug|Any CPU
		{0964B238-B6F2-4A9F-BB50-3A6FDD56F0C0}.Debug|x86.ActiveCfg = Debug|Any CPU
		{0964B238-B6F2-4A9F-BB50-3A6FDD56F0C0}.Debug|x86.Build.0 = Debug|Any CPU
		{0964B238-B6F2-4A9F-BB50-3A6FDD56F0C0}.Release|Any CPU.ActiveCfg = Release|Any CPU
		{0964B238-B6F2-4A9F-BB50-3A6FDD56F0C0}.Release|Any CPU.Build.0 = Release|Any CPU
		{0964B238-B6F2-4A9F-BB50-3A6FDD56F0C0}.Release|x64.ActiveCfg = Release|Any CPU
		{0964B238-B6F2-4A9F-BB50-3A6FDD56F0C0}.Release|x64.Build.0 = Release|Any CPU
		{0964B238-B6F2-4A9F-BB50-3A6FDD56F0C0}.Release|x86.ActiveCfg = Release|Any CPU
		{0964B238-B6F2-4A9F-BB50-3A6FDD56F0C0}.Release|x86.Build.0 = Release|Any CPU
		{6FD487C6-0178-42A4-8F85-2F87DD228EC7}.Debug|Any CPU.ActiveCfg = Debug|Any CPU
		{6FD487C6-0178-42A4-8F85-2F87DD228EC7}.Debug|Any CPU.Build.0 = Debug|Any CPU
		{6FD487C6-0178-42A4-8F85-2F87DD228EC7}.Debug|x64.ActiveCfg = Debug|Any CPU
		{6FD487C6-0178-42A4-8F85-2F87DD228EC7}.Debug|x64.Build.0 = Debug|Any CPU
		{6FD487C6-0178-42A4-8F85-2F87DD228EC7}.Debug|x86.ActiveCfg = Debug|Any CPU
		{6FD487C6-0178-42A4-8F85-2F87DD228EC7}.Debug|x86.Build.0 = Debug|Any CPU
		{6FD487C6-0178-42A4-8F85-2F87DD228EC7}.Release|Any CPU.ActiveCfg = Release|Any CPU
		{6FD487C6-0178-42A4-8F85-2F87DD228EC7}.Release|Any CPU.Build.0 = Release|Any CPU
		{6FD487C6-0178-42A4-8F85-2F87DD228EC7}.Release|x64.ActiveCfg = Release|Any CPU
		{6FD487C6-0178-42A4-8F85-2F87DD228EC7}.Release|x64.Build.0 = Release|Any CPU
		{6FD487C6-0178-42A4-8F85-2F87DD228EC7}.Release|x86.ActiveCfg = Release|Any CPU
		{6FD487C6-0178-42A4-8F85-2F87DD228EC7}.Release|x86.Build.0 = Release|Any CPU
		{07E152B6-47B8-4B26-8EFF-F3C050EAF270}.Debug|Any CPU.ActiveCfg = Debug|Any CPU
		{07E152B6-47B8-4B26-8EFF-F3C050EAF270}.Debug|Any CPU.Build.0 = Debug|Any CPU
		{07E152B6-47B8-4B26-8EFF-F3C050EAF270}.Debug|x64.ActiveCfg = Debug|Any CPU
		{07E152B6-47B8-4B26-8EFF-F3C050EAF270}.Debug|x64.Build.0 = Debug|Any CPU
		{07E152B6-47B8-4B26-8EFF-F3C050EAF270}.Debug|x86.ActiveCfg = Debug|Any CPU
		{07E152B6-47B8-4B26-8EFF-F3C050EAF270}.Debug|x86.Build.0 = Debug|Any CPU
		{07E152B6-47B8-4B26-8EFF-F3C050EAF270}.Release|Any CPU.ActiveCfg = Release|Any CPU
		{07E152B6-47B8-4B26-8EFF-F3C050EAF270}.Release|Any CPU.Build.0 = Release|Any CPU
		{07E152B6-47B8-4B26-8EFF-F3C050EAF270}.Release|x64.ActiveCfg = Release|Any CPU
		{07E152B6-47B8-4B26-8EFF-F3C050EAF270}.Release|x64.Build.0 = Release|Any CPU
		{07E152B6-47B8-4B26-8EFF-F3C050EAF270}.Release|x86.ActiveCfg = Release|Any CPU
		{07E152B6-47B8-4B26-8EFF-F3C050EAF270}.Release|x86.Build.0 = Release|Any CPU
	EndGlobalSection
	GlobalSection(NestedProjects) = preSolution
		{E78F1699-EB98-4FD6-A8D3-E79902F0D863} = {C6A5FBBA-3140-4A1B-91C5-DCF84FF47300}
		{3B5123C7-C737-496D-9925-0C40FC2CCA6F} = {E78F1699-EB98-4FD6-A8D3-E79902F0D863}
		{0964B238-B6F2-4A9F-BB50-3A6FDD56F0C0} = {3B5123C7-C737-496D-9925-0C40FC2CCA6F}
		{6FD487C6-0178-42A4-8F85-2F87DD228EC7} = {3B5123C7-C737-496D-9925-0C40FC2CCA6F}
		{07E152B6-47B8-4B26-8EFF-F3C050EAF270} = {3B5123C7-C737-496D-9925-0C40FC2CCA6F}
	EndGlobalSection
EndGlobal
