
Microsoft Visual Studio Solution File, Format Version 12.00
# Visual Studio 15
VisualStudioVersion = 15.0.26124.0
MinimumVisualStudioVersion = 15.0.26124.0
Project("{2150E333-8FDC-42A3-9474-1A3956D46DE8}") = "05_lambdas_delegates_and_events", "05_lambdas_delegates_and_events", "{9751E10A-C3A0-4EC3-9A6D-D35AF041498F}"
EndProject
Project("{2150E333-8FDC-42A3-9474-1A3956D46DE8}") = "02_exercise", "02_exercise", "{A0A237FC-E26A-4F8F-9C81-FE8FFF7A6ECE}"
EndProject
Project("{2150E333-8FDC-42A3-9474-1A3956D46DE8}") = "project", "project", "{46DD360E-A417-4B30-8096-22398BB79551}"
EndProject
Project("{FAE04EC0-301F-11D3-BF4B-00C04F79EFBC}") = "Utils", "05_lambdas_delegates_and_events\02_exercise\project\Utils\Utils.csproj", "{4FC3D4D9-AC8B-4C8F-A7AC-C4A192023984}"
EndProject
Project("{FAE04EC0-301F-11D3-BF4B-00C04F79EFBC}") = "Test", "05_lambdas_delegates_and_events\02_exercise\project\Test\Test.csproj", "{9CD9D6E2-0C6E-493A-8D2B-DB647AF329B3}"
EndProject
Project("{FAE04EC0-301F-11D3-BF4B-00C04F79EFBC}") = "App", "05_lambdas_delegates_and_events\02_exercise\project\App\App.csproj", "{9D1804AA-3937-495F-8193-AAAFE647E26E}"
EndProject
Global
	GlobalSection(SolutionConfigurationPlatforms) = preSolution
		Debug|Any CPU = Debug|Any CPU
		Debug|x64 = Debug|x64
		Debug|x86 = Debug|x86
		Release|Any CPU = Release|Any CPU
		Release|x64 = Release|x64
		Release|x86 = Release|x86
	EndGlobalSection
	GlobalSection(SolutionProperties) = preSolution
		HideSolutionNode = FALSE
	EndGlobalSection
	GlobalSection(ProjectConfigurationPlatforms) = postSolution
		{4FC3D4D9-AC8B-4C8F-A7AC-C4A192023984}.Debug|Any CPU.ActiveCfg = Debug|Any CPU
		{4FC3D4D9-AC8B-4C8F-A7AC-C4A192023984}.Debug|Any CPU.Build.0 = Debug|Any CPU
		{4FC3D4D9-AC8B-4C8F-A7AC-C4A192023984}.Debug|x64.ActiveCfg = Debug|Any CPU
		{4FC3D4D9-AC8B-4C8F-A7AC-C4A192023984}.Debug|x64.Build.0 = Debug|Any CPU
		{4FC3D4D9-AC8B-4C8F-A7AC-C4A192023984}.Debug|x86.ActiveCfg = Debug|Any CPU
		{4FC3D4D9-AC8B-4C8F-A7AC-C4A192023984}.Debug|x86.Build.0 = Debug|Any CPU
		{4FC3D4D9-AC8B-4C8F-A7AC-C4A192023984}.Release|Any CPU.ActiveCfg = Release|Any CPU
		{4FC3D4D9-AC8B-4C8F-A7AC-C4A192023984}.Release|Any CPU.Build.0 = Release|Any CPU
		{4FC3D4D9-AC8B-4C8F-A7AC-C4A192023984}.Release|x64.ActiveCfg = Release|Any CPU
		{4FC3D4D9-AC8B-4C8F-A7AC-C4A192023984}.Release|x64.Build.0 = Release|Any CPU
		{4FC3D4D9-AC8B-4C8F-A7AC-C4A192023984}.Release|x86.ActiveCfg = Release|Any CPU
		{4FC3D4D9-AC8B-4C8F-A7AC-C4A192023984}.Release|x86.Build.0 = Release|Any CPU
		{9CD9D6E2-0C6E-493A-8D2B-DB647AF329B3}.Debug|Any CPU.ActiveCfg = Debug|Any CPU
		{9CD9D6E2-0C6E-493A-8D2B-DB647AF329B3}.Debug|Any CPU.Build.0 = Debug|Any CPU
		{9CD9D6E2-0C6E-493A-8D2B-DB647AF329B3}.Debug|x64.ActiveCfg = Debug|Any CPU
		{9CD9D6E2-0C6E-493A-8D2B-DB647AF329B3}.Debug|x64.Build.0 = Debug|Any CPU
		{9CD9D6E2-0C6E-493A-8D2B-DB647AF329B3}.Debug|x86.ActiveCfg = Debug|Any CPU
		{9CD9D6E2-0C6E-493A-8D2B-DB647AF329B3}.Debug|x86.Build.0 = Debug|Any CPU
		{9CD9D6E2-0C6E-493A-8D2B-DB647AF329B3}.Release|Any CPU.ActiveCfg = Release|Any CPU
		{9CD9D6E2-0C6E-493A-8D2B-DB647AF329B3}.Release|Any CPU.Build.0 = Release|Any CPU
		{9CD9D6E2-0C6E-493A-8D2B-DB647AF329B3}.Release|x64.ActiveCfg = Release|Any CPU
		{9CD9D6E2-0C6E-493A-8D2B-DB647AF329B3}.Release|x64.Build.0 = Release|Any CPU
		{9CD9D6E2-0C6E-493A-8D2B-DB647AF329B3}.Release|x86.ActiveCfg = Release|Any CPU
		{9CD9D6E2-0C6E-493A-8D2B-DB647AF329B3}.Release|x86.Build.0 = Release|Any CPU
		{9D1804AA-3937-495F-8193-AAAFE647E26E}.Debug|Any CPU.ActiveCfg = Debug|Any CPU
		{9D1804AA-3937-495F-8193-AAAFE647E26E}.Debug|Any CPU.Build.0 = Debug|Any CPU
		{9D1804AA-3937-495F-8193-AAAFE647E26E}.Debug|x64.ActiveCfg = Debug|Any CPU
		{9D1804AA-3937-495F-8193-AAAFE647E26E}.Debug|x64.Build.0 = Debug|Any CPU
		{9D1804AA-3937-495F-8193-AAAFE647E26E}.Debug|x86.ActiveCfg = Debug|Any CPU
		{9D1804AA-3937-495F-8193-AAAFE647E26E}.Debug|x86.Build.0 = Debug|Any CPU
		{9D1804AA-3937-495F-8193-AAAFE647E26E}.Release|Any CPU.ActiveCfg = Release|Any CPU
		{9D1804AA-3937-495F-8193-AAAFE647E26E}.Release|Any CPU.Build.0 = Release|Any CPU
		{9D1804AA-3937-495F-8193-AAAFE647E26E}.Release|x64.ActiveCfg = Release|Any CPU
		{9D1804AA-3937-495F-8193-AAAFE647E26E}.Release|x64.Build.0 = Release|Any CPU
		{9D1804AA-3937-495F-8193-AAAFE647E26E}.Release|x86.ActiveCfg = Release|Any CPU
		{9D1804AA-3937-495F-8193-AAAFE647E26E}.Release|x86.Build.0 = Release|Any CPU
	EndGlobalSection
	GlobalSection(NestedProjects) = preSolution
		{A0A237FC-E26A-4F8F-9C81-FE8FFF7A6ECE} = {9751E10A-C3A0-4EC3-9A6D-D35AF041498F}
		{46DD360E-A417-4B30-8096-22398BB79551} = {A0A237FC-E26A-4F8F-9C81-FE8FFF7A6ECE}
		{4FC3D4D9-AC8B-4C8F-A7AC-C4A192023984} = {46DD360E-A417-4B30-8096-22398BB79551}
		{9CD9D6E2-0C6E-493A-8D2B-DB647AF329B3} = {46DD360E-A417-4B30-8096-22398BB79551}
		{9D1804AA-3937-495F-8193-AAAFE647E26E} = {46DD360E-A417-4B30-8096-22398BB79551}
	EndGlobalSection
EndGlobal
