
Microsoft Visual Studio Solution File, Format Version 12.00
# Visual Studio 15
VisualStudioVersion = 15.0.26124.0
MinimumVisualStudioVersion = 15.0.26124.0
Project("{2150E333-8FDC-42A3-9474-1A3956D46DE8}") = "07_multithreading", "07_multithreading", "{3A577211-E8BE-4F70-82D9-61FFD7DEC715}"
EndProject
Project("{2150E333-8FDC-42A3-9474-1A3956D46DE8}") = "02_exercise", "02_exercise", "{B1BA1513-9C78-40D5-9713-ACA3995F45F4}"
EndProject
Project("{2150E333-8FDC-42A3-9474-1A3956D46DE8}") = "project", "project", "{6FADB8BD-5FAC-4618-8BC7-9E69BFC1AFB8}"
EndProject
Project("{FAE04EC0-301F-11D3-BF4B-00C04F79EFBC}") = "Utils", "07_multithreading\02_exercise\project\Utils\Utils.csproj", "{380EABA7-4ADF-473B-A400-36D3A59BA383}"
EndProject
Project("{FAE04EC0-301F-11D3-BF4B-00C04F79EFBC}") = "App", "07_multithreading\02_exercise\project\App\App.csproj", "{736FAAE2-83BA-4A0C-BE84-7B563E073E75}"
EndProject
Project("{FAE04EC0-301F-11D3-BF4B-00C04F79EFBC}") = "Test", "07_multithreading\02_exercise\project\Test\Test.csproj", "{D12010F0-FD92-4464-B75F-13C42590AE56}"
EndProject
Project("{FAE04EC0-301F-11D3-BF4B-00C04F79EFBC}") = "Bench", "07_multithreading\02_exercise\project\Bench\Bench.csproj", "{94CC44DC-661D-4B1E-8FDA-800615D7A0B5}"
EndProject
Global
	GlobalSection(SolutionConfigurationPlatforms) = preSolution
		Debug|Any CPU = Debug|Any CPU
		Debug|x64 = Debug|x64
		Debug|x86 = Debug|x86
		Release|Any CPU = Release|Any CPU
		Release|x64 = Release|x64
		Release|x86 = Release|x86
	EndGlobalSection
	GlobalSection(SolutionProperties) = preSolution
		HideSolutionNode = FALSE
	EndGlobalSection
	GlobalSection(ProjectConfigurationPlatforms) = postSolution
		{380EABA7-4ADF-473B-A400-36D3A59BA383}.Debug|Any CPU.ActiveCfg = Debug|Any CPU
		{380EABA7-4ADF-473B-A400-36D3A59BA383}.Debug|Any CPU.Build.0 = Debug|Any CPU
		{380EABA7-4ADF-473B-A400-36D3A59BA383}.Debug|x64.ActiveCfg = Debug|Any CPU
		{380EABA7-4ADF-473B-A400-36D3A59BA383}.Debug|x64.Build.0 = Debug|Any CPU
		{380EABA7-4ADF-473B-A400-36D3A59BA383}.Debug|x86.ActiveCfg = Debug|Any CPU
		{380EABA7-4ADF-473B-A400-36D3A59BA383}.Debug|x86.Build.0 = Debug|Any CPU
		{380EABA7-4ADF-473B-A400-36D3A59BA383}.Release|Any CPU.ActiveCfg = Release|Any CPU
		{380EABA7-4ADF-473B-A400-36D3A59BA383}.Release|Any CPU.Build.0 = Release|Any CPU
		{380EABA7-4ADF-473B-A400-36D3A59BA383}.Release|x64.ActiveCfg = Release|Any CPU
		{380EABA7-4ADF-473B-A400-36D3A59BA383}.Release|x64.Build.0 = Release|Any CPU
		{380EABA7-4ADF-473B-A400-36D3A59BA383}.Release|x86.ActiveCfg = Release|Any CPU
		{380EABA7-4ADF-473B-A400-36D3A59BA383}.Release|x86.Build.0 = Release|Any CPU
		{736FAAE2-83BA-4A0C-BE84-7B563E073E75}.Debug|Any CPU.ActiveCfg = Debug|Any CPU
		{736FAAE2-83BA-4A0C-BE84-7B563E073E75}.Debug|Any CPU.Build.0 = Debug|Any CPU
		{736FAAE2-83BA-4A0C-BE84-7B563E073E75}.Debug|x64.ActiveCfg = Debug|Any CPU
		{736FAAE2-83BA-4A0C-BE84-7B563E073E75}.Debug|x64.Build.0 = Debug|Any CPU
		{736FAAE2-83BA-4A0C-BE84-7B563E073E75}.Debug|x86.ActiveCfg = Debug|Any CPU
		{736FAAE2-83BA-4A0C-BE84-7B563E073E75}.Debug|x86.Build.0 = Debug|Any CPU
		{736FAAE2-83BA-4A0C-BE84-7B563E073E75}.Release|Any CPU.ActiveCfg = Release|Any CPU
		{736FAAE2-83BA-4A0C-BE84-7B563E073E75}.Release|Any CPU.Build.0 = Release|Any CPU
		{736FAAE2-83BA-4A0C-BE84-7B563E073E75}.Release|x64.ActiveCfg = Release|Any CPU
		{736FAAE2-83BA-4A0C-BE84-7B563E073E75}.Release|x64.Build.0 = Release|Any CPU
		{736FAAE2-83BA-4A0C-BE84-7B563E073E75}.Release|x86.ActiveCfg = Release|Any CPU
		{736FAAE2-83BA-4A0C-BE84-7B563E073E75}.Release|x86.Build.0 = Release|Any CPU
		{D12010F0-FD92-4464-B75F-13C42590AE56}.Debug|Any CPU.ActiveCfg = Debug|Any CPU
		{D12010F0-FD92-4464-B75F-13C42590AE56}.Debug|Any CPU.Build.0 = Debug|Any CPU
		{D12010F0-FD92-4464-B75F-13C42590AE56}.Debug|x64.ActiveCfg = Debug|Any CPU
		{D12010F0-FD92-4464-B75F-13C42590AE56}.Debug|x64.Build.0 = Debug|Any CPU
		{D12010F0-FD92-4464-B75F-13C42590AE56}.Debug|x86.ActiveCfg = Debug|Any CPU
		{D12010F0-FD92-4464-B75F-13C42590AE56}.Debug|x86.Build.0 = Debug|Any CPU
		{D12010F0-FD92-4464-B75F-13C42590AE56}.Release|Any CPU.ActiveCfg = Release|Any CPU
		{D12010F0-FD92-4464-B75F-13C42590AE56}.Release|Any CPU.Build.0 = Release|Any CPU
		{D12010F0-FD92-4464-B75F-13C42590AE56}.Release|x64.ActiveCfg = Release|Any CPU
		{D12010F0-FD92-4464-B75F-13C42590AE56}.Release|x64.Build.0 = Release|Any CPU
		{D12010F0-FD92-4464-B75F-13C42590AE56}.Release|x86.ActiveCfg = Release|Any CPU
		{D12010F0-FD92-4464-B75F-13C42590AE56}.Release|x86.Build.0 = Release|Any CPU
		{94CC44DC-661D-4B1E-8FDA-800615D7A0B5}.Debug|Any CPU.ActiveCfg = Debug|Any CPU
		{94CC44DC-661D-4B1E-8FDA-800615D7A0B5}.Debug|Any CPU.Build.0 = Debug|Any CPU
		{94CC44DC-661D-4B1E-8FDA-800615D7A0B5}.Debug|x64.ActiveCfg = Debug|Any CPU
		{94CC44DC-661D-4B1E-8FDA-800615D7A0B5}.Debug|x64.Build.0 = Debug|Any CPU
		{94CC44DC-661D-4B1E-8FDA-800615D7A0B5}.Debug|x86.ActiveCfg = Debug|Any CPU
		{94CC44DC-661D-4B1E-8FDA-800615D7A0B5}.Debug|x86.Build.0 = Debug|Any CPU
		{94CC44DC-661D-4B1E-8FDA-800615D7A0B5}.Release|Any CPU.ActiveCfg = Release|Any CPU
		{94CC44DC-661D-4B1E-8FDA-800615D7A0B5}.Release|Any CPU.Build.0 = Release|Any CPU
		{94CC44DC-661D-4B1E-8FDA-800615D7A0B5}.Release|x64.ActiveCfg = Release|Any CPU
		{94CC44DC-661D-4B1E-8FDA-800615D7A0B5}.Release|x64.Build.0 = Release|Any CPU
		{94CC44DC-661D-4B1E-8FDA-800615D7A0B5}.Release|x86.ActiveCfg = Release|Any CPU
		{94CC44DC-661D-4B1E-8FDA-800615D7A0B5}.Release|x86.Build.0 = Release|Any CPU
	EndGlobalSection
	GlobalSection(NestedProjects) = preSolution
		{B1BA1513-9C78-40D5-9713-ACA3995F45F4} = {3A577211-E8BE-4F70-82D9-61FFD7DEC715}
		{6FADB8BD-5FAC-4618-8BC7-9E69BFC1AFB8} = {B1BA1513-9C78-40D5-9713-ACA3995F45F4}
		{380EABA7-4ADF-473B-A400-36D3A59BA383} = {6FADB8BD-5FAC-4618-8BC7-9E69BFC1AFB8}
		{736FAAE2-83BA-4A0C-BE84-7B563E073E75} = {6FADB8BD-5FAC-4618-8BC7-9E69BFC1AFB8}
		{D12010F0-FD92-4464-B75F-13C42590AE56} = {6FADB8BD-5FAC-4618-8BC7-9E69BFC1AFB8}
		{94CC44DC-661D-4B1E-8FDA-800615D7A0B5} = {6FADB8BD-5FAC-4618-8BC7-9E69BFC1AFB8}
	EndGlobalSection
EndGlobal
